
Microsoft Visual Studio Solution File, Format Version 12.00
# Visual Studio Version 16
VisualStudioVersion = 16.0.31911.196
MinimumVisualStudioVersion = 10.0.40219.1
Project("{9A19103F-16F7-4668-BE54-9A1E7A4F7556}") = "CasaPopular", "CasaPopular\CasaPopular.csproj", "{6CB8F12D-D213-4D09-9EA3-E3BA146FB4E7}"
EndProject
Project("{FAE04EC0-301F-11D3-BF4B-00C04F79EFBC}") = "CasaPoppular.Test", "CasaPoppular.Test\CasaPoppular.Test.csproj", "{48FC7EC7-E0A8-4B67-9735-871ED64909A3}"
EndProject
Global
	GlobalSection(SolutionConfigurationPlatforms) = preSolution
		Debug|Any CPU = Debug|Any CPU
		Release|Any CPU = Release|Any CPU
	EndGlobalSection
	GlobalSection(ProjectConfigurationPlatforms) = postSolution
		{6CB8F12D-D213-4D09-9EA3-E3BA146FB4E7}.Debug|Any CPU.ActiveCfg = Debug|Any CPU
		{6CB8F12D-D213-4D09-9EA3-E3BA146FB4E7}.Debug|Any CPU.Build.0 = Debug|Any CPU
		{6CB8F12D-D213-4D09-9EA3-E3BA146FB4E7}.Release|Any CPU.ActiveCfg = Release|Any CPU
		{6CB8F12D-D213-4D09-9EA3-E3BA146FB4E7}.Release|Any CPU.Build.0 = Release|Any CPU
		{48FC7EC7-E0A8-4B67-9735-871ED64909A3}.Debug|Any CPU.ActiveCfg = Debug|Any CPU
		{48FC7EC7-E0A8-4B67-9735-871ED64909A3}.Debug|Any CPU.Build.0 = Debug|Any CPU
		{48FC7EC7-E0A8-4B67-9735-871ED64909A3}.Release|Any CPU.ActiveCfg = Release|Any CPU
		{48FC7EC7-E0A8-4B67-9735-871ED64909A3}.Release|Any CPU.Build.0 = Release|Any CPU
	EndGlobalSection
	GlobalSection(SolutionProperties) = preSolution
		HideSolutionNode = FALSE
	EndGlobalSection
	GlobalSection(ExtensibilityGlobals) = postSolution
		SolutionGuid = {A6178EC2-AAD0-4D69-852A-CA307C2B592E}
	EndGlobalSection
EndGlobal
